
Microsoft Visual Studio Solution File, Format Version 12.00
# Visual Studio Version 17
VisualStudioVersion = 17.3.32901.215
MinimumVisualStudioVersion = 10.0.40219.1
Project("{FAE04EC0-301F-11D3-BF4B-00C04F79EFBC}") = "BigSchool", "BigSchool\BigSchool.csproj", "{D4224046-9823-4A4A-8099-EE2A1EC9D4A0}"
EndProject
Global
	GlobalSection(SolutionConfigurationPlatforms) = preSolution
		Debug|Any CPU = Debug|Any CPU
		Release|Any CPU = Release|Any CPU
	EndGlobalSection
	GlobalSection(ProjectConfigurationPlatforms) = postSolution
		{D4224046-9823-4A4A-8099-EE2A1EC9D4A0}.Debug|Any CPU.ActiveCfg = Debug|Any CPU
		{D4224046-9823-4A4A-8099-EE2A1EC9D4A0}.Debug|Any CPU.Build.0 = Debug|Any CPU
		{D4224046-9823-4A4A-8099-EE2A1EC9D4A0}.Release|Any CPU.ActiveCfg = Release|Any CPU
		{D4224046-9823-4A4A-8099-EE2A1EC9D4A0}.Release|Any CPU.Build.0 = Release|Any CPU
	EndGlobalSection
	GlobalSection(SolutionProperties) = preSolution
		HideSolutionNode = FALSE
	EndGlobalSection
	GlobalSection(ExtensibilityGlobals) = postSolution
		SolutionGuid = {69B1CD53-94CA-42FD-8F6C-F6D8250308E3}
	EndGlobalSection
EndGlobal
